
Microsoft Visual Studio Solution File, Format Version 12.00
# Visual Studio Version 16
VisualStudioVersion = 16.0.31624.102
MinimumVisualStudioVersion = 10.0.40219.1
Project("{FAE04EC0-301F-11D3-BF4B-00C04F79EFBC}") = "AirRestService", "AirRestService\AirRestService.csproj", "{DD054E16-5B04-413C-99B7-F1C8505E3F90}"
EndProject
Global
	GlobalSection(SolutionConfigurationPlatforms) = preSolution
		Debug|Any CPU = Debug|Any CPU
		Release|Any CPU = Release|Any CPU
	EndGlobalSection
	GlobalSection(ProjectConfigurationPlatforms) = postSolution
		{DD054E16-5B04-413C-99B7-F1C8505E3F90}.Debug|Any CPU.ActiveCfg = Debug|Any CPU
		{DD054E16-5B04-413C-99B7-F1C8505E3F90}.Debug|Any CPU.Build.0 = Debug|Any CPU
		{DD054E16-5B04-413C-99B7-F1C8505E3F90}.Release|Any CPU.ActiveCfg = Release|Any CPU
		{DD054E16-5B04-413C-99B7-F1C8505E3F90}.Release|Any CPU.Build.0 = Release|Any CPU
	EndGlobalSection
	GlobalSection(SolutionProperties) = preSolution
		HideSolutionNode = FALSE
	EndGlobalSection
	GlobalSection(ExtensibilityGlobals) = postSolution
		SolutionGuid = {DAE641D8-C35E-43E9-ADA3-99BB025A2B5C}
	EndGlobalSection
EndGlobal
